
Microsoft Visual Studio Solution File, Format Version 12.00
# Visual Studio 14
VisualStudioVersion = 14.0.25420.1
MinimumVisualStudioVersion = 10.0.40219.1
Project("{FAE04EC0-301F-11D3-BF4B-00C04F79EFBC}") = "Atoms", "Atoms\Atoms.csproj", "{B8D0B73C-7851-46EE-9A47-8F5AA409EDB9}"
EndProject
Project("{FAE04EC0-301F-11D3-BF4B-00C04F79EFBC}") = "AtomTest", "AtomTest\AtomTest.csproj", "{2A8F7624-AC1B-4B7E-9390-AE627FCC1230}"
EndProject
Global
	GlobalSection(SolutionConfigurationPlatforms) = preSolution
		Debug|Any CPU = Debug|Any CPU
		Release|Any CPU = Release|Any CPU
	EndGlobalSection
	GlobalSection(ProjectConfigurationPlatforms) = postSolution
		{B8D0B73C-7851-46EE-9A47-8F5AA409EDB9}.Debug|Any CPU.ActiveCfg = Debug|Any CPU
		{B8D0B73C-7851-46EE-9A47-8F5AA409EDB9}.Debug|Any CPU.Build.0 = Debug|Any CPU
		{B8D0B73C-7851-46EE-9A47-8F5AA409EDB9}.Release|Any CPU.ActiveCfg = Release|Any CPU
		{B8D0B73C-7851-46EE-9A47-8F5AA409EDB9}.Release|Any CPU.Build.0 = Release|Any CPU
		{2A8F7624-AC1B-4B7E-9390-AE627FCC1230}.Debug|Any CPU.ActiveCfg = Debug|Any CPU
		{2A8F7624-AC1B-4B7E-9390-AE627FCC1230}.Debug|Any CPU.Build.0 = Debug|Any CPU
		{2A8F7624-AC1B-4B7E-9390-AE627FCC1230}.Release|Any CPU.ActiveCfg = Release|Any CPU
		{2A8F7624-AC1B-4B7E-9390-AE627FCC1230}.Release|Any CPU.Build.0 = Release|Any CPU
	EndGlobalSection
	GlobalSection(SolutionProperties) = preSolution
		HideSolutionNode = FALSE
	EndGlobalSection
EndGlobal
